
Microsoft Visual Studio Solution File, Format Version 12.00
# Visual Studio Version 17
VisualStudioVersion = 17.4.33110.190
MinimumVisualStudioVersion = 10.0.40219.1
Project("{FAE04EC0-301F-11D3-BF4B-00C04F79EFBC}") = "2C_API", "2C_API\2C_API.csproj", "{DDBFBB25-E0D6-4B87-9C55-A5129D4E3A41}"
EndProject
Global
	GlobalSection(SolutionConfigurationPlatforms) = preSolution
		Debug|Any CPU = Debug|Any CPU
		Release|Any CPU = Release|Any CPU
	EndGlobalSection
	GlobalSection(ProjectConfigurationPlatforms) = postSolution
		{DDBFBB25-E0D6-4B87-9C55-A5129D4E3A41}.Debug|Any CPU.ActiveCfg = Debug|Any CPU
		{DDBFBB25-E0D6-4B87-9C55-A5129D4E3A41}.Debug|Any CPU.Build.0 = Debug|Any CPU
		{DDBFBB25-E0D6-4B87-9C55-A5129D4E3A41}.Release|Any CPU.ActiveCfg = Release|Any CPU
		{DDBFBB25-E0D6-4B87-9C55-A5129D4E3A41}.Release|Any CPU.Build.0 = Release|Any CPU
	EndGlobalSection
	GlobalSection(SolutionProperties) = preSolution
		HideSolutionNode = FALSE
	EndGlobalSection
	GlobalSection(ExtensibilityGlobals) = postSolution
		SolutionGuid = {B7D3CDB9-2078-4276-B517-E2ACEBF73463}
	EndGlobalSection
EndGlobal
